
Microsoft Visual Studio Solution File, Format Version 12.00
# Visual Studio Version 17
VisualStudioVersion = 17.2.32616.157
MinimumVisualStudioVersion = 10.0.40219.1
Project("{FAE04EC0-301F-11D3-BF4B-00C04F79EFBC}") = "STEM", "STEM\STEM.csproj", "{CDC34BF2-6949-47F5-8E3C-69B0CE46A227}"
EndProject
Global
	GlobalSection(SolutionConfigurationPlatforms) = preSolution
		Debug|Any CPU = Debug|Any CPU
		Release|Any CPU = Release|Any CPU
	EndGlobalSection
	GlobalSection(ProjectConfigurationPlatforms) = postSolution
		{CDC34BF2-6949-47F5-8E3C-69B0CE46A227}.Debug|Any CPU.ActiveCfg = Debug|Any CPU
		{CDC34BF2-6949-47F5-8E3C-69B0CE46A227}.Debug|Any CPU.Build.0 = Debug|Any CPU
		{CDC34BF2-6949-47F5-8E3C-69B0CE46A227}.Release|Any CPU.ActiveCfg = Release|Any CPU
		{CDC34BF2-6949-47F5-8E3C-69B0CE46A227}.Release|Any CPU.Build.0 = Release|Any CPU
	EndGlobalSection
	GlobalSection(SolutionProperties) = preSolution
		HideSolutionNode = FALSE
	EndGlobalSection
	GlobalSection(ExtensibilityGlobals) = postSolution
		SolutionGuid = {4A86F38A-727A-4D1A-85B7-81EED6CFB99E}
	EndGlobalSection
EndGlobal
